dependencies:
  espressif/esp_lcd_touch:
    component_hash: 3f85a7d95af876f1a6ecca8eb90a81614890d0f03a038390804e5a77e2caf862
    dependencies:
    - name: idf
      require: private
      version: '>=4.4.2'
    source:
      registry_url: https://components.espressif.com/
      type: service
    version: 1.2.1
  idf:
    source:
      type: idf
    version: 5.5.5
direct_dependencies:
- espressif/esp_lcd_touch
- idf
manifest_hash: 210d60969adb2fb8a119720d759659be46cb432a572cc2bdb88c0dfac65ea899
target: esp32p4
version: 2.0.0
